
Microsoft Visual Studio Solution File, Format Version 12.00
# Visual Studio Version 16
VisualStudioVersion = 16.0.33328.57
MinimumVisualStudioVersion = 10.0.40219.1
Project("{FAE04EC0-301F-11D3-BF4B-00C04F79EFBC}") = "AssignmentAkijGroup", "AssignmentAkijGroup\AssignmentAkijGroup.csproj", "{29EA5A83-8EE9-403C-85E3-92EE4986A1A0}"
EndProject
Global
	GlobalSection(SolutionConfigurationPlatforms) = preSolution
		Debug|Any CPU = Debug|Any CPU
		Release|Any CPU = Release|Any CPU
	EndGlobalSection
	GlobalSection(ProjectConfigurationPlatforms) = postSolution
		{29EA5A83-8EE9-403C-85E3-92EE4986A1A0}.Debug|Any CPU.ActiveCfg = Debug|Any CPU
		{29EA5A83-8EE9-403C-85E3-92EE4986A1A0}.Debug|Any CPU.Build.0 = Debug|Any CPU
		{29EA5A83-8EE9-403C-85E3-92EE4986A1A0}.Release|Any CPU.ActiveCfg = Release|Any CPU
		{29EA5A83-8EE9-403C-85E3-92EE4986A1A0}.Release|Any CPU.Build.0 = Release|Any CPU
	EndGlobalSection
	GlobalSection(SolutionProperties) = preSolution
		HideSolutionNode = FALSE
	EndGlobalSection
	GlobalSection(ExtensibilityGlobals) = postSolution
		SolutionGuid = {49FB35F4-40EE-49DA-996C-8F4F2A70F00C}
	EndGlobalSection
EndGlobal
